// !$*UTF8*$!
{
	archiveVersion = 1;
	classes = {
	};
	objectVersion = 56;
	objects = {

/* Begin PBXBuildFile section */
		E36CBD282C933DC2002E6318 /* CreateCompetitionView.swift in Sources */ = {isa = PBXBuildFile; fileRef = E36CBD272C933DC2002E6318 /* CreateCompetitionView.swift */; };
		E36CBD2A2C937443002E6318 /* CreateCollaborationView.swift in Sources */ = {isa = PBXBuildFile; fileRef = E36CBD292C937443002E6318 /* CreateCollaborationView.swift */; };
		E36CBD302C93B8BB002E6318 /* SummaryModuleView.swift in Sources */ = {isa = PBXBuildFile; fileRef = E36CBD2F2C93B8BB002E6318 /* SummaryModuleView.swift */; };
		E36CBD322C94BF59002E6318 /* AlertManager.swift in Sources */ = {isa = PBXBuildFile; fileRef = E36CBD312C94BF59002E6318 /* AlertManager.swift */; };
		E36CBD3A2C99F39A002E6318 /* HomePersonalView.swift in Sources */ = {isa = PBXBuildFile; fileRef = E36CBD392C99F39A002E6318 /* HomePersonalView.swift */; };
		E36CBD3C2C99F45E002E6318 /* HomeContestsView.swift in Sources */ = {isa = PBXBuildFile; fileRef = E36CBD3B2C99F45E002E6318 /* HomeContestsView.swift */; };
		E36CBD3E2C99F472002E6318 /* HomeTeamsView.swift in Sources */ = {isa = PBXBuildFile; fileRef = E36CBD3D2C99F472002E6318 /* HomeTeamsView.swift */; };
		E36CBD402C99F4DE002E6318 /* HomeFriendsView.swift in Sources */ = {isa = PBXBuildFile; fileRef = E36CBD3F2C99F4DE002E6318 /* HomeFriendsView.swift */; };
		E36CBD422C9A2717002E6318 /* InvestmentDetailView.swift in Sources */ = {isa = PBXBuildFile; fileRef = E36CBD412C9A2717002E6318 /* InvestmentDetailView.swift */; };
		E3AD61712C7FB547000FEC84 /* StripePaymentSheet in Frameworks */ = {isa = PBXBuildFile; productRef = E3AD61702C7FB547000FEC84 /* StripePaymentSheet */; };
		E3AD61732C813A97000FEC84 /* GoogleService-Info.plist in Resources */ = {isa = PBXBuildFile; fileRef = E3AD61722C813A97000FEC84 /* GoogleService-Info.plist */; };
		E3AD61752C821DBF000FEC84 /* DepositBankView.swift in Sources */ = {isa = PBXBuildFile; fileRef = E3AD61742C821DBF000FEC84 /* DepositBankView.swift */; };
		E3AD61772C821F0A000FEC84 /* BankViewModel.swift in Sources */ = {isa = PBXBuildFile; fileRef = E3AD61762C821F0A000FEC84 /* BankViewModel.swift */; };
		E3AD617B2C82B78A000FEC84 /* SafariServices.framework in Frameworks */ = {isa = PBXBuildFile; fileRef = E3AD617A2C82B78A000FEC84 /* SafariServices.framework */; };
		E3AD617D2C86530A000FEC84 /* SwiftUIView.swift in Sources */ = {isa = PBXBuildFile; fileRef = E3AD617C2C86530A000FEC84 /* SwiftUIView.swift */; };
		E3C50E382C79413C00978B8F /* ChatGPT2App.swift in Sources */ = {isa = PBXBuildFile; fileRef = E3C50E372C79413C00978B8F /* ChatGPT2App.swift */; };
		E3C50E3A2C79413C00978B8F /* ContentView.swift in Sources */ = {isa = PBXBuildFile; fileRef = E3C50E392C79413C00978B8F /* ContentView.swift */; };
		E3C50E3C2C79413D00978B8F /* Assets.xcassets in Resources */ = {isa = PBXBuildFile; fileRef = E3C50E3B2C79413D00978B8F /* Assets.xcassets */; };
		E3C50E3F2C79413D00978B8F /* Preview Assets.xcassets in Resources */ = {isa = PBXBuildFile; fileRef = E3C50E3E2C79413D00978B8F /* Preview Assets.xcassets */; };
		E3C50E482C7BB24500978B8F /* LoginView.swift in Sources */ = {isa = PBXBuildFile; fileRef = E3C50E472C7BB24500978B8F /* LoginView.swift */; };
		E3C50E4A2C7BB38500978B8F /* RegisterView.swift in Sources */ = {isa = PBXBuildFile; fileRef = E3C50E492C7BB38500978B8F /* RegisterView.swift */; };
		E3C50E502C7BB59200978B8F /* FirebaseAuth in Frameworks */ = {isa = PBXBuildFile; productRef = E3C50E4F2C7BB59200978B8F /* FirebaseAuth */; };
		E3C50E522C7BB8D000978B8F /* FirebaseFirestore in Frameworks */ = {isa = PBXBuildFile; productRef = E3C50E512C7BB8D000978B8F /* FirebaseFirestore */; };
		E3C50E542C7BBB3E00978B8F /* HomeView.swift in Sources */ = {isa = PBXBuildFile; fileRef = E3C50E532C7BBB3E00978B8F /* HomeView.swift */; };
		E3C50E562C7BBFA400978B8F /* BankView.swift in Sources */ = {isa = PBXBuildFile; fileRef = E3C50E552C7BBFA400978B8F /* BankView.swift */; };
		E3C50E582C7BC01E00978B8F /* MainTabView.swift in Sources */ = {isa = PBXBuildFile; fileRef = E3C50E572C7BC01E00978B8F /* MainTabView.swift */; };
		E3DB8AD12C9DF2BD00776571 /* CollapsibleContestView.swift in Sources */ = {isa = PBXBuildFile; fileRef = E3DB8AD02C9DF2BD00776571 /* CollapsibleContestView.swift */; };
		E3DB8AD32C9E107D00776571 /* ContestTracker.swift in Sources */ = {isa = PBXBuildFile; fileRef = E3DB8AD22C9E107D00776571 /* ContestTracker.swift */; };
		E3DB8AD92CA5A33900776571 /* CollapsiblePersonalPlanView.swift in Sources */ = {isa = PBXBuildFile; fileRef = E3DB8AD82CA5A33900776571 /* CollapsiblePersonalPlanView.swift */; };
		E3DB8ADD2CAB2FAF00776571 /* InstructionalScreensView.swift in Sources */ = {isa = PBXBuildFile; fileRef = E3DB8ADC2CAB2FAF00776571 /* InstructionalScreensView.swift */; };
		E3DB8ADF2CAB457F00776571 /* CreatePersonalInvestmentView.swift in Sources */ = {isa = PBXBuildFile; fileRef = E3DB8ADE2CAB457F00776571 /* CreatePersonalInvestmentView.swift */; };
		E3DB8AE12CADAD4A00776571 /* OfferView.swift in Sources */ = {isa = PBXBuildFile; fileRef = E3DB8AE02CADAD4A00776571 /* OfferView.swift */; };
		E3DBD0BC2C7E16B2000DEB20 /* Extensions.swift in Sources */ = {isa = PBXBuildFile; fileRef = E3DBD0BB2C7E16B2000DEB20 /* Extensions.swift */; };
		E3E455CE2C7E9BE9007C1205 /* DetailedWorkout.swift in Sources */ = {isa = PBXBuildFile; fileRef = E3E455CD2C7E9BE9007C1205 /* DetailedWorkout.swift */; };
		E3E8243F2C7BC439005DE715 /* ProfileView.swift in Sources */ = {isa = PBXBuildFile; fileRef = E3E8243E2C7BC439005DE715 /* ProfileView.swift */; };
		E3E824432C7BC714005DE715 /* User.swift in Sources */ = {isa = PBXBuildFile; fileRef = E3E824422C7BC714005DE715 /* User.swift */; };
		E3E824452C7BC861005DE715 /* FirebaseFirestoreCombine-Community in Frameworks */ = {isa = PBXBuildFile; productRef = E3E824442C7BC861005DE715 /* FirebaseFirestoreCombine-Community */; };
		E3E824492C7BCF41005DE715 /* HealthKitManager.swift in Sources */ = {isa = PBXBuildFile; fileRef = E3E824482C7BCF41005DE715 /* HealthKitManager.swift */; };
		E3E8244B2C7BD89B005DE715 /* PerformanceView.swift in Sources */ = {isa = PBXBuildFile; fileRef = E3E8244A2C7BD89B005DE715 /* PerformanceView.swift */; };
		E3E824532C7BFFAE005DE715 /* CommunityView.swift in Sources */ = {isa = PBXBuildFile; fileRef = E3E824522C7BFFAE005DE715 /* CommunityView.swift */; };
		E3E824572C7C03FE005DE715 /* WorkoutTypeSelectionView.swift in Sources */ = {isa = PBXBuildFile; fileRef = E3E824562C7C03FE005DE715 /* WorkoutTypeSelectionView.swift */; };
		E3E824592C7C043B005DE715 /* WorkoutManager.swift in Sources */ = {isa = PBXBuildFile; fileRef = E3E824582C7C043B005DE715 /* WorkoutManager.swift */; };
		E3E8245B2C7C060D005DE715 /* WorkoutView.swift in Sources */ = {isa = PBXBuildFile; fileRef = E3E8245A2C7C060D005DE715 /* WorkoutView.swift */; };
		E3E8245E2C7CBB5B005DE715 /* AppState.swift in Sources */ = {isa = PBXBuildFile; fileRef = E3E8245D2C7CBB5B005DE715 /* AppState.swift */; };
		E3E824602C7CF023005DE715 /* Stripe in Frameworks */ = {isa = PBXBuildFile; productRef = E3E8245F2C7CF023005DE715 /* Stripe */; };
		E3E824622C7CF45D005DE715 /* FirebaseFunctions in Frameworks */ = {isa = PBXBuildFile; productRef = E3E824612C7CF45D005DE715 /* FirebaseFunctions */; };
		E3E824652C7D1226005DE715 /* HealthKit.framework in Frameworks */ = {isa = PBXBuildFile; fileRef = E3E824632C7D1225005DE715 /* HealthKit.framework */; };
		E3E824662C7D1226005DE715 /* HealthKitUI.framework in Frameworks */ = {isa = PBXBuildFile; fileRef = E3E824642C7D1225005DE715 /* HealthKitUI.framework */; };
/* End PBXBuildFile section */

/* Begin PBXFileReference section */
		E36CBD272C933DC2002E6318 /* CreateCompetitionView.swift */ = {isa = PBXFileReference; lastKnownFileType = sourcecode.swift; path = CreateCompetitionView.swift; sourceTree = "<group>"; };
		E36CBD292C937443002E6318 /* CreateCollaborationView.swift */ = {isa = PBXFileReference; lastKnownFileType = sourcecode.swift; path = CreateCollaborationView.swift; sourceTree = "<group>"; };
		E36CBD2F2C93B8BB002E6318 /* SummaryModuleView.swift */ = {isa = PBXFileReference; lastKnownFileType = sourcecode.swift; path = SummaryModuleView.swift; sourceTree = "<group>"; };
		E36CBD312C94BF59002E6318 /* AlertManager.swift */ = {isa = PBXFileReference; lastKnownFileType = sourcecode.swift; path = AlertManager.swift; sourceTree = "<group>"; };
		E36CBD392C99F39A002E6318 /* HomePersonalView.swift */ = {isa = PBXFileReference; lastKnownFileType = sourcecode.swift; path = HomePersonalView.swift; sourceTree = "<group>"; };
		E36CBD3B2C99F45E002E6318 /* HomeContestsView.swift */ = {isa = PBXFileReference; lastKnownFileType = sourcecode.swift; path = HomeContestsView.swift; sourceTree = "<group>"; };
		E36CBD3D2C99F472002E6318 /* HomeTeamsView.swift */ = {isa = PBXFileReference; lastKnownFileType = sourcecode.swift; path = HomeTeamsView.swift; sourceTree = "<group>"; };
		E36CBD3F2C99F4DE002E6318 /* HomeFriendsView.swift */ = {isa = PBXFileReference; lastKnownFileType = sourcecode.swift; path = HomeFriendsView.swift; sourceTree = "<group>"; };
		E36CBD412C9A2717002E6318 /* InvestmentDetailView.swift */ = {isa = PBXFileReference; lastKnownFileType = sourcecode.swift; path = InvestmentDetailView.swift; sourceTree = "<group>"; };
		E3AD61722C813A97000FEC84 /* GoogleService-Info.plist */ = {isa = PBXFileReference; fileEncoding = 4; lastKnownFileType = text.plist.xml; path = "GoogleService-Info.plist"; sourceTree = "<group>"; };
		E3AD61742C821DBF000FEC84 /* DepositBankView.swift */ = {isa = PBXFileReference; lastKnownFileType = sourcecode.swift; path = DepositBankView.swift; sourceTree = "<group>"; };
		E3AD61762C821F0A000FEC84 /* BankViewModel.swift */ = {isa = PBXFileReference; lastKnownFileType = sourcecode.swift; path = BankViewModel.swift; sourceTree = "<group>"; };
		E3AD617A2C82B78A000FEC84 /* SafariServices.framework */ = {isa = PBXFileReference; lastKnownFileType = wrapper.framework; name = SafariServices.framework; path = System/Library/Frameworks/SafariServices.framework; sourceTree = SDKROOT; };
		E3AD617C2C86530A000FEC84 /* SwiftUIView.swift */ = {isa = PBXFileReference; lastKnownFileType = sourcecode.swift; path = SwiftUIView.swift; sourceTree = "<group>"; };
		E3C50E342C79413C00978B8F /* ChatGPT2.app */ = {isa = PBXFileReference; explicitFileType = wrapper.application; includeInIndex = 0; path = ChatGPT2.app; sourceTree = BUILT_PRODUCTS_DIR; };
		E3C50E372C79413C00978B8F /* ChatGPT2App.swift */ = {isa = PBXFileReference; lastKnownFileType = sourcecode.swift; path = ChatGPT2App.swift; sourceTree = "<group>"; };
		E3C50E392C79413C00978B8F /* ContentView.swift */ = {isa = PBXFileReference; lastKnownFileType = sourcecode.swift; path = ContentView.swift; sourceTree = "<group>"; };
		E3C50E3B2C79413D00978B8F /* Assets.xcassets */ = {isa = PBXFileReference; lastKnownFileType = folder.assetcatalog; path = Assets.xcassets; sourceTree = "<group>"; };
		E3C50E3E2C79413D00978B8F /* Preview Assets.xcassets */ = {isa = PBXFileReference; lastKnownFileType = folder.assetcatalog; path = "Preview Assets.xcassets"; sourceTree = "<group>"; };
		E3C50E472C7BB24500978B8F /* LoginView.swift */ = {isa = PBXFileReference; lastKnownFileType = sourcecode.swift; path = LoginView.swift; sourceTree = "<group>"; };
		E3C50E492C7BB38500978B8F /* RegisterView.swift */ = {isa = PBXFileReference; lastKnownFileType = sourcecode.swift; path = RegisterView.swift; sourceTree = "<group>"; };
		E3C50E532C7BBB3E00978B8F /* HomeView.swift */ = {isa = PBXFileReference; lastKnownFileType = sourcecode.swift; path = HomeView.swift; sourceTree = "<group>"; };
		E3C50E552C7BBFA400978B8F /* BankView.swift */ = {isa = PBXFileReference; lastKnownFileType = sourcecode.swift; path = BankView.swift; sourceTree = "<group>"; };
		E3C50E572C7BC01E00978B8F /* MainTabView.swift */ = {isa = PBXFileReference; lastKnownFileType = sourcecode.swift; path = MainTabView.swift; sourceTree = "<group>"; };
		E3DB8AD02C9DF2BD00776571 /* CollapsibleContestView.swift */ = {isa = PBXFileReference; lastKnownFileType = sourcecode.swift; path = CollapsibleContestView.swift; sourceTree = "<group>"; };
		E3DB8AD22C9E107D00776571 /* ContestTracker.swift */ = {isa = PBXFileReference; lastKnownFileType = sourcecode.swift; path = ContestTracker.swift; sourceTree = "<group>"; };
		E3DB8AD82CA5A33900776571 /* CollapsiblePersonalPlanView.swift */ = {isa = PBXFileReference; lastKnownFileType = sourcecode.swift; path = CollapsiblePersonalPlanView.swift; sourceTree = "<group>"; };
		E3DB8ADC2CAB2FAF00776571 /* InstructionalScreensView.swift */ = {isa = PBXFileReference; lastKnownFileType = sourcecode.swift; path = InstructionalScreensView.swift; sourceTree = "<group>"; };
		E3DB8ADE2CAB457F00776571 /* CreatePersonalInvestmentView.swift */ = {isa = PBXFileReference; lastKnownFileType = sourcecode.swift; path = CreatePersonalInvestmentView.swift; sourceTree = "<group>"; };
		E3DB8AE02CADAD4A00776571 /* OfferView.swift */ = {isa = PBXFileReference; lastKnownFileType = sourcecode.swift; path = OfferView.swift; sourceTree = "<group>"; };
		E3DBD0BB2C7E16B2000DEB20 /* Extensions.swift */ = {isa = PBXFileReference; lastKnownFileType = sourcecode.swift; path = Extensions.swift; sourceTree = "<group>"; };
		E3E455CD2C7E9BE9007C1205 /* DetailedWorkout.swift */ = {isa = PBXFileReference; lastKnownFileType = sourcecode.swift; path = DetailedWorkout.swift; sourceTree = "<group>"; };
		E3E8243E2C7BC439005DE715 /* ProfileView.swift */ = {isa = PBXFileReference; lastKnownFileType = sourcecode.swift; path = ProfileView.swift; sourceTree = "<group>"; };
		E3E824422C7BC714005DE715 /* User.swift */ = {isa = PBXFileReference; lastKnownFileType = sourcecode.swift; path = User.swift; sourceTree = "<group>"; };
		E3E824462C7BCD81005DE715 /* ChatGPT2.entitlements */ = {isa = PBXFileReference; lastKnownFileType = text.plist.entitlements; path = ChatGPT2.entitlements; sourceTree = "<group>"; };
		E3E824472C7BCE7E005DE715 /* Info.plist */ = {isa = PBXFileReference; lastKnownFileType = text.plist; path = Info.plist; sourceTree = "<group>"; };
		E3E824482C7BCF41005DE715 /* HealthKitManager.swift */ = {isa = PBXFileReference; lastKnownFileType = sourcecode.swift; path = HealthKitManager.swift; sourceTree = "<group>"; };
		E3E8244A2C7BD89B005DE715 /* PerformanceView.swift */ = {isa = PBXFileReference; lastKnownFileType = sourcecode.swift; path = PerformanceView.swift; sourceTree = "<group>"; };
		E3E824522C7BFFAE005DE715 /* CommunityView.swift */ = {isa = PBXFileReference; lastKnownFileType = sourcecode.swift; path = CommunityView.swift; sourceTree = "<group>"; };
		E3E824562C7C03FE005DE715 /* WorkoutTypeSelectionView.swift */ = {isa = PBXFileReference; lastKnownFileType = sourcecode.swift; path = WorkoutTypeSelectionView.swift; sourceTree = "<group>"; };
		E3E824582C7C043B005DE715 /* WorkoutManager.swift */ = {isa = PBXFileReference; lastKnownFileType = sourcecode.swift; path = WorkoutManager.swift; sourceTree = "<group>"; };
		E3E8245A2C7C060D005DE715 /* WorkoutView.swift */ = {isa = PBXFileReference; lastKnownFileType = sourcecode.swift; path = WorkoutView.swift; sourceTree = "<group>"; };
		E3E8245D2C7CBB5B005DE715 /* AppState.swift */ = {isa = PBXFileReference; lastKnownFileType = sourcecode.swift; path = AppState.swift; sourceTree = "<group>"; };
		E3E824632C7D1225005DE715 /* HealthKit.framework */ = {isa = PBXFileReference; lastKnownFileType = wrapper.framework; name = HealthKit.framework; path = System/Library/Frameworks/HealthKit.framework; sourceTree = SDKROOT; };
		E3E824642C7D1225005DE715 /* HealthKitUI.framework */ = {isa = PBXFileReference; lastKnownFileType = wrapper.framework; name = HealthKitUI.framework; path = System/Library/Frameworks/HealthKitUI.framework; sourceTree = SDKROOT; };
/* End PBXFileReference section */

/* Begin PBXFrameworksBuildPhase section */
		E3C50E312C79413C00978B8F /* Frameworks */ = {
			isa = PBXFrameworksBuildPhase;
			buildActionMask = 2147483647;
			files = (
				E3AD61712C7FB547000FEC84 /* StripePaymentSheet in Frameworks */,
				E3E824452C7BC861005DE715 /* FirebaseFirestoreCombine-Community in Frameworks */,
				E3E824602C7CF023005DE715 /* Stripe in Frameworks */,
				E3E824662C7D1226005DE715 /* HealthKitUI.framework in Frameworks */,
				E3E824622C7CF45D005DE715 /* FirebaseFunctions in Frameworks */,
				E3AD617B2C82B78A000FEC84 /* SafariServices.framework in Frameworks */,
				E3E824652C7D1226005DE715 /* HealthKit.framework in Frameworks */,
				E3C50E502C7BB59200978B8F /* FirebaseAuth in Frameworks */,
				E3C50E522C7BB8D000978B8F /* FirebaseFirestore in Frameworks */,
			);
			runOnlyForDeploymentPostprocessing = 0;
		};
/* End PBXFrameworksBuildPhase section */

/* Begin PBXGroup section */
		E3C50E2B2C79413C00978B8F = {
			isa = PBXGroup;
			children = (
				E3C634772C7E97F000E5A8F5 /* Files */,
				E3E824412C7BC6F8005DE715 /* Models */,
				E3C50E362C79413C00978B8F /* ChatGPT2 */,
				E3C50E352C79413C00978B8F /* Products */,
				E3C50E4E2C7BB59200978B8F /* Frameworks */,
			);
			sourceTree = "<group>";
		};
		E3C50E352C79413C00978B8F /* Products */ = {
			isa = PBXGroup;
			children = (
				E3C50E342C79413C00978B8F /* ChatGPT2.app */,
			);
			name = Products;
			sourceTree = "<group>";
		};
		E3C50E362C79413C00978B8F /* ChatGPT2 */ = {
			isa = PBXGroup;
			children = (
				E3E824472C7BCE7E005DE715 /* Info.plist */,
				E3E824462C7BCD81005DE715 /* ChatGPT2.entitlements */,
				E3C50E372C79413C00978B8F /* ChatGPT2App.swift */,
				E3C50E392C79413C00978B8F /* ContentView.swift */,
				E3DBD0BB2C7E16B2000DEB20 /* Extensions.swift */,
				E3E824482C7BCF41005DE715 /* HealthKitManager.swift */,
				E3E8244A2C7BD89B005DE715 /* PerformanceView.swift */,
				E3E8245D2C7CBB5B005DE715 /* AppState.swift */,
				E3E455CD2C7E9BE9007C1205 /* DetailedWorkout.swift */,
				E3DB8ADC2CAB2FAF00776571 /* InstructionalScreensView.swift */,
				E3C50E472C7BB24500978B8F /* LoginView.swift */,
				E3E824562C7C03FE005DE715 /* WorkoutTypeSelectionView.swift */,
				E36CBD312C94BF59002E6318 /* AlertManager.swift */,
				E3E824582C7C043B005DE715 /* WorkoutManager.swift */,
				E3AD61742C821DBF000FEC84 /* DepositBankView.swift */,
				E3C50E552C7BBFA400978B8F /* BankView.swift */,
				E36CBD412C9A2717002E6318 /* InvestmentDetailView.swift */,
				E3AD61762C821F0A000FEC84 /* BankViewModel.swift */,
				E3C50E492C7BB38500978B8F /* RegisterView.swift */,
				E36CBD272C933DC2002E6318 /* CreateCompetitionView.swift */,
				E36CBD292C937443002E6318 /* CreateCollaborationView.swift */,
				E3E8245A2C7C060D005DE715 /* WorkoutView.swift */,
				E3C50E532C7BBB3E00978B8F /* HomeView.swift */,
				E3DB8AE02CADAD4A00776571 /* OfferView.swift */,
				E36CBD392C99F39A002E6318 /* HomePersonalView.swift */,
				E3DB8ADE2CAB457F00776571 /* CreatePersonalInvestmentView.swift */,
				E3DB8AD22C9E107D00776571 /* ContestTracker.swift */,
				E3DB8AD02C9DF2BD00776571 /* CollapsibleContestView.swift */,
				E3DB8AD82CA5A33900776571 /* CollapsiblePersonalPlanView.swift */,
				E36CBD3B2C99F45E002E6318 /* HomeContestsView.swift */,
				E36CBD3D2C99F472002E6318 /* HomeTeamsView.swift */,
				E36CBD3F2C99F4DE002E6318 /* HomeFriendsView.swift */,
				E36CBD2F2C93B8BB002E6318 /* SummaryModuleView.swift */,
				E3E8243E2C7BC439005DE715 /* ProfileView.swift */,
				E3E824522C7BFFAE005DE715 /* CommunityView.swift */,
				E3AD617C2C86530A000FEC84 /* SwiftUIView.swift */,
				E3C50E572C7BC01E00978B8F /* MainTabView.swift */,
				E3AD61722C813A97000FEC84 /* GoogleService-Info.plist */,
				E3C50E3B2C79413D00978B8F /* Assets.xcassets */,
				E3C50E3D2C79413D00978B8F /* Preview Content */,
			);
			path = ChatGPT2;
			sourceTree = "<group>";
		};
		E3C50E3D2C79413D00978B8F /* Preview Content */ = {
			isa = PBXGroup;
			children = (
				E3C50E3E2C79413D00978B8F /* Preview Assets.xcassets */,
			);
			path = "Preview Content";
			sourceTree = "<group>";
		};
		E3C50E4E2C7BB59200978B8F /* Frameworks */ = {
			isa = PBXGroup;
			children = (
				E3AD617A2C82B78A000FEC84 /* SafariServices.framework */,
				E3E824632C7D1225005DE715 /* HealthKit.framework */,
				E3E824642C7D1225005DE715 /* HealthKitUI.framework */,
			);
			name = Frameworks;
			sourceTree = "<group>";
		};
		E3C634772C7E97F000E5A8F5 /* Files */ = {
			isa = PBXGroup;
			children = (
			);
			path = Files;
			sourceTree = "<group>";
		};
		E3E824412C7BC6F8005DE715 /* Models */ = {
			isa = PBXGroup;
			children = (
				E3E824422C7BC714005DE715 /* User.swift */,
			);
			path = Models;
			sourceTree = "<group>";
		};
/* End PBXGroup section */

/* Begin PBXNativeTarget section */
		E3C50E332C79413C00978B8F /* ChatGPT2 */ = {
			isa = PBXNativeTarget;
			buildConfigurationList = E3C50E422C79413D00978B8F /* Build configuration list for PBXNativeTarget "ChatGPT2" */;
			buildPhases = (
				E3C50E302C79413C00978B8F /* Sources */,
				E3C50E312C79413C00978B8F /* Frameworks */,
				E3C50E322C79413C00978B8F /* Resources */,
			);
			buildRules = (
			);
			dependencies = (
			);
			name = ChatGPT2;
			packageProductDependencies = (
				E3C50E4F2C7BB59200978B8F /* FirebaseAuth */,
				E3C50E512C7BB8D000978B8F /* FirebaseFirestore */,
				E3E824442C7BC861005DE715 /* FirebaseFirestoreCombine-Community */,
				E3E8245F2C7CF023005DE715 /* Stripe */,
				E3E824612C7CF45D005DE715 /* FirebaseFunctions */,
				E3AD61702C7FB547000FEC84 /* StripePaymentSheet */,
			);
			productName = ChatGPT2;
			productReference = E3C50E342C79413C00978B8F /* ChatGPT2.app */;
			productType = "com.apple.product-type.application";
		};
/* End PBXNativeTarget section */

/* Begin PBXProject section */
		E3C50E2C2C79413C00978B8F /* Project object */ = {
			isa = PBXProject;
			attributes = {
				BuildIndependentTargetsInParallel = 1;
				LastSwiftUpdateCheck = 1540;
				LastUpgradeCheck = 1540;
				TargetAttributes = {
					E3C50E332C79413C00978B8F = {
						CreatedOnToolsVersion = 15.4;
					};
				};
			};
			buildConfigurationList = E3C50E2F2C79413C00978B8F /* Build configuration list for PBXProject "ChatGPT2" */;
			compatibilityVersion = "Xcode 14.0";
			developmentRegion = en;
			hasScannedForEncodings = 0;
			knownRegions = (
				en,
				Base,
			);
			mainGroup = E3C50E2B2C79413C00978B8F;
			packageReferences = (
				E3C50E4B2C7BB4EA00978B8F /* XCRemoteSwiftPackageReference "firebase-ios-sdk" */,
				E3E8245C2C7CAB0C005DE715 /* XCRemoteSwiftPackageReference "stripe-ios" */,
			);
			productRefGroup = E3C50E352C79413C00978B8F /* Products */;
			projectDirPath = "";
			projectRoot = "";
			targets = (
				E3C50E332C79413C00978B8F /* ChatGPT2 */,
			);
		};
/* End PBXProject section */

/* Begin PBXResourcesBuildPhase section */
		E3C50E322C79413C00978B8F /* Resources */ = {
			isa = PBXResourcesBuildPhase;
			buildActionMask = 2147483647;
			files = (
				E3C50E3F2C79413D00978B8F /* Preview Assets.xcassets in Resources */,
				E3C50E3C2C79413D00978B8F /* Assets.xcassets in Resources */,
				E3AD61732C813A97000FEC84 /* GoogleService-Info.plist in Resources */,
			);
			runOnlyForDeploymentPostprocessing = 0;
		};
/* End PBXResourcesBuildPhase section */

/* Begin PBXSourcesBuildPhase section */
		E3C50E302C79413C00978B8F /* Sources */ = {
			isa = PBXSourcesBuildPhase;
			buildActionMask = 2147483647;
			files = (
				E3E8243F2C7BC439005DE715 /* ProfileView.swift in Sources */,
				E3E824592C7C043B005DE715 /* WorkoutManager.swift in Sources */,
				E36CBD402C99F4DE002E6318 /* HomeFriendsView.swift in Sources */,
				E3E824572C7C03FE005DE715 /* WorkoutTypeSelectionView.swift in Sources */,
				E3C50E562C7BBFA400978B8F /* BankView.swift in Sources */,
				E3E8245B2C7C060D005DE715 /* WorkoutView.swift in Sources */,
				E3E824532C7BFFAE005DE715 /* CommunityView.swift in Sources */,
				E3C50E482C7BB24500978B8F /* LoginView.swift in Sources */,
				E3C50E4A2C7BB38500978B8F /* RegisterView.swift in Sources */,
				E3DB8ADF2CAB457F00776571 /* CreatePersonalInvestmentView.swift in Sources */,
				E36CBD282C933DC2002E6318 /* CreateCompetitionView.swift in Sources */,
				E3AD617D2C86530A000FEC84 /* SwiftUIView.swift in Sources */,
				E3C50E3A2C79413C00978B8F /* ContentView.swift in Sources */,
				E3E824432C7BC714005DE715 /* User.swift in Sources */,
				E3AD61772C821F0A000FEC84 /* BankViewModel.swift in Sources */,
				E36CBD3A2C99F39A002E6318 /* HomePersonalView.swift in Sources */,
				E3E455CE2C7E9BE9007C1205 /* DetailedWorkout.swift in Sources */,
				E36CBD302C93B8BB002E6318 /* SummaryModuleView.swift in Sources */,
				E3E8244B2C7BD89B005DE715 /* PerformanceView.swift in Sources */,
				E3DB8AE12CADAD4A00776571 /* OfferView.swift in Sources */,
				E3E8245E2C7CBB5B005DE715 /* AppState.swift in Sources */,
				E36CBD322C94BF59002E6318 /* AlertManager.swift in Sources */,
				E3DB8AD92CA5A33900776571 /* CollapsiblePersonalPlanView.swift in Sources */,
				E36CBD2A2C937443002E6318 /* CreateCollaborationView.swift in Sources */,
				E3DB8AD32C9E107D00776571 /* ContestTracker.swift in Sources */,
				E36CBD422C9A2717002E6318 /* InvestmentDetailView.swift in Sources */,
				E36CBD3E2C99F472002E6318 /* HomeTeamsView.swift in Sources */,
				E3AD61752C821DBF000FEC84 /* DepositBankView.swift in Sources */,
				E3C50E582C7BC01E00978B8F /* MainTabView.swift in Sources */,
				E3C50E542C7BBB3E00978B8F /* HomeView.swift in Sources */,
				E3DBD0BC2C7E16B2000DEB20 /* Extensions.swift in Sources */,
				E3DB8AD12C9DF2BD00776571 /* CollapsibleContestView.swift in Sources */,
				E3DB8ADD2CAB2FAF00776571 /* InstructionalScreensView.swift in Sources */,
				E3E824492C7BCF41005DE715 /* HealthKitManager.swift in Sources */,
				E36CBD3C2C99F45E002E6318 /* HomeContestsView.swift in Sources */,
				E3C50E382C79413C00978B8F /* ChatGPT2App.swift in Sources */,
			);
			runOnlyForDeploymentPostprocessing = 0;
		};
/* End PBXSourcesBuildPhase section */

/* Begin XCBuildConfiguration section */
		E3C50E402C79413D00978B8F /* Debug */ = {
			isa = XCBuildConfiguration;
			buildSettings = {
				ALWAYS_SEARCH_USER_PATHS = NO;
				ASSETCATALOG_COMPILER_GENERATE_SWIFT_ASSET_SYMBOL_EXTENSIONS = YES;
				CLANG_ANALYZER_NONNULL = YES;
				CLANG_ANALYZER_NUMBER_OBJECT_CONVERSION = YES_AGGRESSIVE;
				CLANG_CXX_LANGUAGE_STANDARD = "gnu++20";
				CLANG_ENABLE_MODULES = YES;
				CLANG_ENABLE_OBJC_ARC = YES;
				CLANG_ENABLE_OBJC_WEAK = YES;
				CLANG_WARN_BLOCK_CAPTURE_AUTORELEASING = YES;
				CLANG_WARN_BOOL_CONVERSION = YES;
				CLANG_WARN_COMMA = YES;
				CLANG_WARN_CONSTANT_CONVERSION = YES;
				CLANG_WARN_DEPRECATED_OBJC_IMPLEMENTATIONS = YES;
				CLANG_WARN_DIRECT_OBJC_ISA_USAGE = YES_ERROR;
				CLANG_WARN_DOCUMENTATION_COMMENTS = YES;
				CLANG_WARN_EMPTY_BODY = YES;
				CLANG_WARN_ENUM_CONVERSION = YES;
				CLANG_WARN_INFINITE_RECURSION = YES;
				CLANG_WARN_INT_CONVERSION = YES;
				CLANG_WARN_NON_LITERAL_NULL_CONVERSION = YES;
				CLANG_WARN_OBJC_IMPLICIT_RETAIN_SELF = YES;
				CLANG_WARN_OBJC_LITERAL_CONVERSION = YES;
				CLANG_WARN_OBJC_ROOT_CLASS = YES_ERROR;
				CLANG_WARN_QUOTED_INCLUDE_IN_FRAMEWORK_HEADER = YES;
				CLANG_WARN_RANGE_LOOP_ANALYSIS = YES;
				CLANG_WARN_STRICT_PROTOTYPES = YES;
				CLANG_WARN_SUSPICIOUS_MOVE = YES;
				CLANG_WARN_UNGUARDED_AVAILABILITY = YES_AGGRESSIVE;
				CLANG_WARN_UNREACHABLE_CODE = YES;
				CLANG_WARN__DUPLICATE_METHOD_MATCH = YES;
				COPY_PHASE_STRIP = NO;
				DEBUG_INFORMATION_FORMAT = dwarf;
				ENABLE_STRICT_OBJC_MSGSEND = YES;
				ENABLE_TESTABILITY = YES;
				ENABLE_USER_SCRIPT_SANDBOXING = YES;
				GCC_C_LANGUAGE_STANDARD = gnu17;
				GCC_DYNAMIC_NO_PIC = NO;
				GCC_NO_COMMON_BLOCKS = YES;
				GCC_OPTIMIZATION_LEVEL = 0;
				GCC_PREPROCESSOR_DEFINITIONS = (
					"DEBUG=1",
					"$(inherited)",
				);
				GCC_WARN_64_TO_32_BIT_CONVERSION = YES;
				GCC_WARN_ABOUT_RETURN_TYPE = YES_ERROR;
				GCC_WARN_UNDECLARED_SELECTOR = YES;
				GCC_WARN_UNINITIALIZED_AUTOS = YES_AGGRESSIVE;
				GCC_WARN_UNUSED_FUNCTION = YES;
				GCC_WARN_UNUSED_VARIABLE = YES;
				IPHONEOS_DEPLOYMENT_TARGET = 17.5;
				LOCALIZATION_PREFERS_STRING_CATALOGS = YES;
				MTL_ENABLE_DEBUG_INFO = INCLUDE_SOURCE;
				MTL_FAST_MATH = YES;
				ONLY_ACTIVE_ARCH = YES;
				SDKROOT = iphoneos;
				SWIFT_ACTIVE_COMPILATION_CONDITIONS = "DEBUG $(inherited)";
				SWIFT_OPTIMIZATION_LEVEL = "-Onone";
			};
			name = Debug;
		};
		E3C50E412C79413D00978B8F /* Release */ = {
			isa = XCBuildConfiguration;
			buildSettings = {
				ALWAYS_SEARCH_USER_PATHS = NO;
				ASSETCATALOG_COMPILER_GENERATE_SWIFT_ASSET_SYMBOL_EXTENSIONS = YES;
				CLANG_ANALYZER_NONNULL = YES;
				CLANG_ANALYZER_NUMBER_OBJECT_CONVERSION = YES_AGGRESSIVE;
				CLANG_CXX_LANGUAGE_STANDARD = "gnu++20";
				CLANG_ENABLE_MODULES = YES;
				CLANG_ENABLE_OBJC_ARC = YES;
				CLANG_ENABLE_OBJC_WEAK = YES;
				CLANG_WARN_BLOCK_CAPTURE_AUTORELEASING = YES;
				CLANG_WARN_BOOL_CONVERSION = YES;
				CLANG_WARN_COMMA = YES;
				CLANG_WARN_CONSTANT_CONVERSION = YES;
				CLANG_WARN_DEPRECATED_OBJC_IMPLEMENTATIONS = YES;
				CLANG_WARN_DIRECT_OBJC_ISA_USAGE = YES_ERROR;
				CLANG_WARN_DOCUMENTATION_COMMENTS = YES;
				CLANG_WARN_EMPTY_BODY = YES;
				CLANG_WARN_ENUM_CONVERSION = YES;
				CLANG_WARN_INFINITE_RECURSION = YES;
				CLANG_WARN_INT_CONVERSION = YES;
				CLANG_WARN_NON_LITERAL_NULL_CONVERSION = YES;
				CLANG_WARN_OBJC_IMPLICIT_RETAIN_SELF = YES;
				CLANG_WARN_OBJC_LITERAL_CONVERSION = YES;
				CLANG_WARN_OBJC_ROOT_CLASS = YES_ERROR;
				CLANG_WARN_QUOTED_INCLUDE_IN_FRAMEWORK_HEADER = YES;
				CLANG_WARN_RANGE_LOOP_ANALYSIS = YES;
				CLANG_WARN_STRICT_PROTOTYPES = YES;
				CLANG_WARN_SUSPICIOUS_MOVE = YES;
				CLANG_WARN_UNGUARDED_AVAILABILITY = YES_AGGRESSIVE;
				CLANG_WARN_UNREACHABLE_CODE = YES;
				CLANG_WARN__DUPLICATE_METHOD_MATCH = YES;
				COPY_PHASE_STRIP = NO;
				DEBUG_INFORMATION_FORMAT = "dwarf-with-dsym";
				ENABLE_NS_ASSERTIONS = NO;
				ENABLE_STRICT_OBJC_MSGSEND = YES;
				ENABLE_USER_SCRIPT_SANDBOXING = YES;
				GCC_C_LANGUAGE_STANDARD = gnu17;
				GCC_NO_COMMON_BLOCKS = YES;
				GCC_WARN_64_TO_32_BIT_CONVERSION = YES;
				GCC_WARN_ABOUT_RETURN_TYPE = YES_ERROR;
				GCC_WARN_UNDECLARED_SELECTOR = YES;
				GCC_WARN_UNINITIALIZED_AUTOS = YES_AGGRESSIVE;
				GCC_WARN_UNUSED_FUNCTION = YES;
				GCC_WARN_UNUSED_VARIABLE = YES;
				IPHONEOS_DEPLOYMENT_TARGET = 17.5;
				LOCALIZATION_PREFERS_STRING_CATALOGS = YES;
				MTL_ENABLE_DEBUG_INFO = NO;
				MTL_FAST_MATH = YES;
				SDKROOT = iphoneos;
				SWIFT_COMPILATION_MODE = wholemodule;
				VALIDATE_PRODUCT = YES;
			};
			name = Release;
		};
		E3C50E432C79413D00978B8F /* Debug */ = {
			isa = XCBuildConfiguration;
			buildSettings = {
				ASSETCATALOG_COMPILER_APPICON_NAME = AppIcon;
				ASSETCATALOG_COMPILER_GLOBAL_ACCENT_COLOR_NAME = AccentColor;
				CODE_SIGN_ENTITLEMENTS = ChatGPT2/ChatGPT2.entitlements;
				CODE_SIGN_STYLE = Automatic;
				CURRENT_PROJECT_VERSION = 2;
				DEVELOPMENT_ASSET_PATHS = "\"ChatGPT2/Preview Content\"";
				DEVELOPMENT_TEAM = VYYC62P8V5;
				ENABLE_PREVIEWS = YES;
				GENERATE_INFOPLIST_FILE = YES;
				INFOPLIST_FILE = ChatGPT2/Info.plist;
				INFOPLIST_KEY_CFBundleDisplayName = Antelope;
				INFOPLIST_KEY_NSHealthShareUsageDescription = "This app requires access to your health data to track your workouts.";
				INFOPLIST_KEY_NSHealthUpdateUsageDescription = "This app requires permission to save your workout data to HealthKit.";
				INFOPLIST_KEY_UIApplicationSceneManifest_Generation = YES;
				INFOPLIST_KEY_UIApplicationSupportsIndirectInputEvents = YES;
				INFOPLIST_KEY_UILaunchScreen_Generation = YES;
				INFOPLIST_KEY_UISupportedInterfaceOrientations = "UIInterfaceOrientationLandscapeLeft UIInterfaceOrientationLandscapeRight UIInterfaceOrientationPortrait UIInterfaceOrientationPortraitUpsideDown";
				IPHONEOS_DEPLOYMENT_TARGET = 17.0;
				LD_RUNPATH_SEARCH_PATHS = (
					"$(inherited)",
					"@executable_path/Frameworks",
				);
				MARKETING_VERSION = 0.1.3;
				PRODUCT_BUNDLE_IDENTIFIER = com.antelopefitness.DemoApp;
				PRODUCT_NAME = "$(TARGET_NAME)";
				SWIFT_EMIT_LOC_STRINGS = YES;
				SWIFT_VERSION = 5.0;
				TARGETED_DEVICE_FAMILY = "1,2";
			};
			name = Debug;
		};
		E3C50E442C79413D00978B8F /* Release */ = {
			isa = XCBuildConfiguration;
			buildSettings = {
				ASSETCATALOG_COMPILER_APPICON_NAME = AppIcon;
				ASSETCATALOG_COMPILER_GLOBAL_ACCENT_COLOR_NAME = AccentColor;
				CODE_SIGN_ENTITLEMENTS = ChatGPT2/ChatGPT2.entitlements;
				CODE_SIGN_STYLE = Automatic;
				CURRENT_PROJECT_VERSION = 2;
				DEVELOPMENT_ASSET_PATHS = "\"ChatGPT2/Preview Content\"";
				DEVELOPMENT_TEAM = VYYC62P8V5;
				ENABLE_PREVIEWS = YES;
				GENERATE_INFOPLIST_FILE = YES;
				INFOPLIST_FILE = ChatGPT2/Info.plist;
				INFOPLIST_KEY_CFBundleDisplayName = Antelope;
				INFOPLIST_KEY_NSHealthShareUsageDescription = "This app requires access to your health data to track your workouts.";
				INFOPLIST_KEY_NSHealthUpdateUsageDescription = "This app requires permission to save your workout data to HealthKit.";
				INFOPLIST_KEY_UIApplicationSceneManifest_Generation = YES;
				INFOPLIST_KEY_UIApplicationSupportsIndirectInputEvents = YES;
				INFOPLIST_KEY_UILaunchScreen_Generation = YES;
				INFOPLIST_KEY_UISupportedInterfaceOrientations = "UIInterfaceOrientationLandscapeLeft UIInterfaceOrientationLandscapeRight UIInterfaceOrientationPortrait UIInterfaceOrientationPortraitUpsideDown";
				IPHONEOS_DEPLOYMENT_TARGET = 17.0;
				LD_RUNPATH_SEARCH_PATHS = (
					"$(inherited)",
					"@executable_path/Frameworks",
				);
				MARKETING_VERSION = 0.1.3;
				PRODUCT_BUNDLE_IDENTIFIER = com.antelopefitness.DemoApp;
				PRODUCT_NAME = "$(TARGET_NAME)";
				SWIFT_EMIT_LOC_STRINGS = YES;
				SWIFT_VERSION = 5.0;
				TARGETED_DEVICE_FAMILY = "1,2";
			};
			name = Release;
		};
/* End XCBuildConfiguration section */

/* Begin XCConfigurationList section */
		E3C50E2F2C79413C00978B8F /* Build configuration list for PBXProject "ChatGPT2" */ = {
			isa = XCConfigurationList;
			buildConfigurations = (
				E3C50E402C79413D00978B8F /* Debug */,
				E3C50E412C79413D00978B8F /* Release */,
			);
			defaultConfigurationIsVisible = 0;
			defaultConfigurationName = Release;
		};
		E3C50E422C79413D00978B8F /* Build configuration list for PBXNativeTarget "ChatGPT2" */ = {
			isa = XCConfigurationList;
			buildConfigurations = (
				E3C50E432C79413D00978B8F /* Debug */,
				E3C50E442C79413D00978B8F /* Release */,
			);
			defaultConfigurationIsVisible = 0;
			defaultConfigurationName = Release;
		};
/* End XCConfigurationList section */

/* Begin XCRemoteSwiftPackageReference section */
		E3C50E4B2C7BB4EA00978B8F /* XCRemoteSwiftPackageReference "firebase-ios-sdk" */ = {
			isa = XCRemoteSwiftPackageReference;
			repositoryURL = "https://github.com/firebase/firebase-ios-sdk";
			requirement = {
				kind = upToNextMajorVersion;
				minimumVersion = 11.1.0;
			};
		};
		E3E8245C2C7CAB0C005DE715 /* XCRemoteSwiftPackageReference "stripe-ios" */ = {
			isa = XCRemoteSwiftPackageReference;
			repositoryURL = "https://github.com/stripe/stripe-ios";
			requirement = {
				kind = upToNextMajorVersion;
				minimumVersion = 23.29.2;
			};
		};
/* End XCRemoteSwiftPackageReference section */

/* Begin XCSwiftPackageProductDependency section */
		E3AD61702C7FB547000FEC84 /* StripePaymentSheet */ = {
			isa = XCSwiftPackageProductDependency;
			package = E3E8245C2C7CAB0C005DE715 /* XCRemoteSwiftPackageReference "stripe-ios" */;
			productName = StripePaymentSheet;
		};
		E3C50E4F2C7BB59200978B8F /* FirebaseAuth */ = {
			isa = XCSwiftPackageProductDependency;
			package = E3C50E4B2C7BB4EA00978B8F /* XCRemoteSwiftPackageReference "firebase-ios-sdk" */;
			productName = FirebaseAuth;
		};
		E3C50E512C7BB8D000978B8F /* FirebaseFirestore */ = {
			isa = XCSwiftPackageProductDependency;
			package = E3C50E4B2C7BB4EA00978B8F /* XCRemoteSwiftPackageReference "firebase-ios-sdk" */;
			productName = FirebaseFirestore;
		};
		E3E824442C7BC861005DE715 /* FirebaseFirestoreCombine-Community */ = {
			isa = XCSwiftPackageProductDependency;
			package = E3C50E4B2C7BB4EA00978B8F /* XCRemoteSwiftPackageReference "firebase-ios-sdk" */;
			productName = "FirebaseFirestoreCombine-Community";
		};
		E3E8245F2C7CF023005DE715 /* Stripe */ = {
			isa = XCSwiftPackageProductDependency;
			package = E3E8245C2C7CAB0C005DE715 /* XCRemoteSwiftPackageReference "stripe-ios" */;
			productName = Stripe;
		};
		E3E824612C7CF45D005DE715 /* FirebaseFunctions */ = {
			isa = XCSwiftPackageProductDependency;
			package = E3C50E4B2C7BB4EA00978B8F /* XCRemoteSwiftPackageReference "firebase-ios-sdk" */;
			productName = FirebaseFunctions;
		};
/* End XCSwiftPackageProductDependency section */
	};
	rootObject = E3C50E2C2C79413C00978B8F /* Project object */;
}
